
Microsoft Visual Studio Solution File, Format Version 12.00
# Visual Studio Version 16
VisualStudioVersion = 16.0.30225.117
MinimumVisualStudioVersion = 10.0.40219.1
Project("{9A19103F-16F7-4668-BE54-9A1E7A4F7556}") = "SurveyTokenCreation", "SurveyTokenCreation\SurveyTokenCreation.csproj", "{7229ED3E-0FF2-404C-8A91-4912AE9D8021}"
EndProject
Project("{FAE04EC0-301F-11D3-BF4B-00C04F79EFBC}") = "CreateSurveyTokenAndSend", "CreateSurveyTokenAndSend\CreateSurveyTokenAndSend.csproj", "{E647F10E-02BA-4917-9FA0-52995AB7731D}"
EndProject
Global
	GlobalSection(SolutionConfigurationPlatforms) = preSolution
		Debug|Any CPU = Debug|Any CPU
		Release|Any CPU = Release|Any CPU
	EndGlobalSection
	GlobalSection(ProjectConfigurationPlatforms) = postSolution
		{7229ED3E-0FF2-404C-8A91-4912AE9D8021}.Debug|Any CPU.ActiveCfg = Debug|Any CPU
		{7229ED3E-0FF2-404C-8A91-4912AE9D8021}.Debug|Any CPU.Build.0 = Debug|Any CPU
		{7229ED3E-0FF2-404C-8A91-4912AE9D8021}.Release|Any CPU.ActiveCfg = Release|Any CPU
		{7229ED3E-0FF2-404C-8A91-4912AE9D8021}.Release|Any CPU.Build.0 = Release|Any CPU
		{E647F10E-02BA-4917-9FA0-52995AB7731D}.Debug|Any CPU.ActiveCfg = Debug|Any CPU
		{E647F10E-02BA-4917-9FA0-52995AB7731D}.Debug|Any CPU.Build.0 = Debug|Any CPU
		{E647F10E-02BA-4917-9FA0-52995AB7731D}.Release|Any CPU.ActiveCfg = Release|Any CPU
		{E647F10E-02BA-4917-9FA0-52995AB7731D}.Release|Any CPU.Build.0 = Release|Any CPU
	EndGlobalSection
	GlobalSection(SolutionProperties) = preSolution
		HideSolutionNode = FALSE
	EndGlobalSection
	GlobalSection(ExtensibilityGlobals) = postSolution
		SolutionGuid = {CEFC9B59-CAE1-4782-924F-83D6AD83A5BF}
	EndGlobalSection
EndGlobal
